
Microsoft Visual Studio Solution File, Format Version 12.00
# Visual Studio Version 16
VisualStudioVersion = 16.0.29613.14
MinimumVisualStudioVersion = 10.0.40219.1
Project("{FAE04EC0-301F-11D3-BF4B-00C04F79EFBC}") = "DLAssign2", "DLAssign2\DLAssign2.csproj", "{01F51F00-19A2-4C0E-9554-594D77FE0DD3}"
EndProject
Global
	GlobalSection(SolutionConfigurationPlatforms) = preSolution
		Debug|Any CPU = Debug|Any CPU
		Release|Any CPU = Release|Any CPU
	EndGlobalSection
	GlobalSection(ProjectConfigurationPlatforms) = postSolution
		{01F51F00-19A2-4C0E-9554-594D77FE0DD3}.Debug|Any CPU.ActiveCfg = Debug|Any CPU
		{01F51F00-19A2-4C0E-9554-594D77FE0DD3}.Debug|Any CPU.Build.0 = Debug|Any CPU
		{01F51F00-19A2-4C0E-9554-594D77FE0DD3}.Release|Any CPU.ActiveCfg = Release|Any CPU
		{01F51F00-19A2-4C0E-9554-594D77FE0DD3}.Release|Any CPU.Build.0 = Release|Any CPU
	EndGlobalSection
	GlobalSection(SolutionProperties) = preSolution
		HideSolutionNode = FALSE
	EndGlobalSection
	GlobalSection(ExtensibilityGlobals) = postSolution
		SolutionGuid = {9795236D-D157-49CC-B3B6-75484184019C}
	EndGlobalSection
EndGlobal
